
Microsoft Visual Studio Solution File, Format Version 12.00
# Visual Studio 14
VisualStudioVersion = 14.0.25420.1
MinimumVisualStudioVersion = 10.0.40219.1
Project("{FAE04EC0-301F-11D3-BF4B-00C04F79EFBC}") = "FbExternalSample", "FbExternalSample\FbExternalSample.csproj", "{76418563-80CC-449D-85EB-3D107E405271}"
EndProject
Project("{FAE04EC0-301F-11D3-BF4B-00C04F79EFBC}") = "FirebirdSample", "FirebirdSample\FirebirdSample.csproj", "{ACD06EFC-6E81-496F-B2D5-FA03383F7AF5}"
EndProject
Global
	GlobalSection(SolutionConfigurationPlatforms) = preSolution
		Debug|Any CPU = Debug|Any CPU
		Release|Any CPU = Release|Any CPU
	EndGlobalSection
	GlobalSection(ProjectConfigurationPlatforms) = postSolution
		{76418563-80CC-449D-85EB-3D107E405271}.Debug|Any CPU.ActiveCfg = Debug|Any CPU
		{76418563-80CC-449D-85EB-3D107E405271}.Debug|Any CPU.Build.0 = Debug|Any CPU
		{76418563-80CC-449D-85EB-3D107E405271}.Release|Any CPU.ActiveCfg = Release|Any CPU
		{76418563-80CC-449D-85EB-3D107E405271}.Release|Any CPU.Build.0 = Release|Any CPU
		{ACD06EFC-6E81-496F-B2D5-FA03383F7AF5}.Debug|Any CPU.ActiveCfg = Debug|Any CPU
		{ACD06EFC-6E81-496F-B2D5-FA03383F7AF5}.Debug|Any CPU.Build.0 = Debug|Any CPU
		{ACD06EFC-6E81-496F-B2D5-FA03383F7AF5}.Release|Any CPU.ActiveCfg = Release|Any CPU
		{ACD06EFC-6E81-496F-B2D5-FA03383F7AF5}.Release|Any CPU.Build.0 = Release|Any CPU
	EndGlobalSection
	GlobalSection(SolutionProperties) = preSolution
		HideSolutionNode = FALSE
	EndGlobalSection
EndGlobal
